// !$*UTF8*$!
{
	archiveVersion = 1;
	classes = {
	};
	objectVersion = 56;
	objects = {

/* Begin PBXBuildFile section */
		20E71F6C2A9633EE00D1A65A /* DesinCodeApp.swift in Sources */ = {isa = PBXBuildFile; fileRef = 20E71F6B2A9633EE00D1A65A /* DesinCodeApp.swift */; };
		20E71F6E2A9633EE00D1A65A /* ContentView.swift in Sources */ = {isa = PBXBuildFile; fileRef = 20E71F6D2A9633EE00D1A65A /* ContentView.swift */; };
		20E71F702A9633EF00D1A65A /* Assets.xcassets in Resources */ = {isa = PBXBuildFile; fileRef = 20E71F6F2A9633EF00D1A65A /* Assets.xcassets */; };
		20E71F742A9633EF00D1A65A /* Preview Assets.xcassets in Resources */ = {isa = PBXBuildFile; fileRef = 20E71F732A9633EF00D1A65A /* Preview Assets.xcassets */; };
		20E71F7E2A9633EF00D1A65A /* DesinCodeTests.swift in Sources */ = {isa = PBXBuildFile; fileRef = 20E71F7D2A9633EF00D1A65A /* DesinCodeTests.swift */; };
		20E71F882A9633EF00D1A65A /* DesinCodeUITests.swift in Sources */ = {isa = PBXBuildFile; fileRef = 20E71F872A9633EF00D1A65A /* DesinCodeUITests.swift */; };
		20E71F8A2A9633EF00D1A65A /* DesinCodeUITestsLaunchTests.swift in Sources */ = {isa = PBXBuildFile; fileRef = 20E71F892A9633EF00D1A65A /* DesinCodeUITestsLaunchTests.swift */; };
/* End PBXBuildFile section */

/* Begin PBXContainerItemProxy section */
		20E71F7A2A9633EF00D1A65A /* PBXContainerItemProxy */ = {
			isa = PBXContainerItemProxy;
			containerPortal = 20E71F602A9633EE00D1A65A /* Project object */;
			proxyType = 1;
			remoteGlobalIDString = 20E71F672A9633EE00D1A65A;
			remoteInfo = DesinCode;
		};
		20E71F842A9633EF00D1A65A /* PBXContainerItemProxy */ = {
			isa = PBXContainerItemProxy;
			containerPortal = 20E71F602A9633EE00D1A65A /* Project object */;
			proxyType = 1;
			remoteGlobalIDString = 20E71F672A9633EE00D1A65A;
			remoteInfo = DesinCode;
		};
/* End PBXContainerItemProxy section */

/* Begin PBXFileReference section */
		20E71F682A9633EE00D1A65A /* DesinCode.app */ = {isa = PBXFileReference; explicitFileType = wrapper.application; includeInIndex = 0; path = DesinCode.app; sourceTree = BUILT_PRODUCTS_DIR; };
		20E71F6B2A9633EE00D1A65A /* DesinCodeApp.swift */ = {isa = PBXFileReference; lastKnownFileType = sourcecode.swift; path = DesinCodeApp.swift; sourceTree = "<group>"; };
		20E71F6D2A9633EE00D1A65A /* ContentView.swift */ = {isa = PBXFileReference; lastKnownFileType = sourcecode.swift; path = ContentView.swift; sourceTree = "<group>"; };
		20E71F6F2A9633EF00D1A65A /* Assets.xcassets */ = {isa = PBXFileReference; lastKnownFileType = folder.assetcatalog; path = Assets.xcassets; sourceTree = "<group>"; };
		20E71F712A9633EF00D1A65A /* DesinCode.entitlements */ = {isa = PBXFileReference; lastKnownFileType = text.plist.entitlements; path = DesinCode.entitlements; sourceTree = "<group>"; };
		20E71F732A9633EF00D1A65A /* Preview Assets.xcassets */ = {isa = PBXFileReference; lastKnownFileType = folder.assetcatalog; path = "Preview Assets.xcassets"; sourceTree = "<group>"; };
		20E71F792A9633EF00D1A65A /* DesinCodeTests.xctest */ = {isa = PBXFileReference; explicitFileType = wrapper.cfbundle; includeInIndex = 0; path = DesinCodeTests.xctest; sourceTree = BUILT_PRODUCTS_DIR; };
		20E71F7D2A9633EF00D1A65A /* DesinCodeTests.swift */ = {isa = PBXFileReference; lastKnownFileType = sourcecode.swift; path = DesinCodeTests.swift; sourceTree = "<group>"; };
		20E71F832A9633EF00D1A65A /* DesinCodeUITests.xctest */ = {isa = PBXFileReference; explicitFileType = wrapper.cfbundle; includeInIndex = 0; path = DesinCodeUITests.xctest; sourceTree = BUILT_PRODUCTS_DIR; };
		20E71F872A9633EF00D1A65A /* DesinCodeUITests.swift */ = {isa = PBXFileReference; lastKnownFileType = sourcecode.swift; path = DesinCodeUITests.swift; sourceTree = "<group>"; };
		20E71F892A9633EF00D1A65A /* DesinCodeUITestsLaunchTests.swift */ = {isa = PBXFileReference; lastKnownFileType = sourcecode.swift; path = DesinCodeUITestsLaunchTests.swift; sourceTree = "<group>"; };
/* End PBXFileReference section */

/* Begin PBXFrameworksBuildPhase section */
		20E71F652A9633EE00D1A65A /* Frameworks */ = {
			isa = PBXFrameworksBuildPhase;
			buildActionMask = 2147483647;
			files = (
			);
			runOnlyForDeploymentPostprocessing = 0;
		};
		20E71F762A9633EF00D1A65A /* Frameworks */ = {
			isa = PBXFrameworksBuildPhase;
			buildActionMask = 2147483647;
			files = (
			);
			runOnlyForDeploymentPostprocessing = 0;
		};
		20E71F802A9633EF00D1A65A /* Frameworks */ = {
			isa = PBXFrameworksBuildPhase;
			buildActionMask = 2147483647;
			files = (
			);
			runOnlyForDeploymentPostprocessing = 0;
		};
/* End PBXFrameworksBuildPhase section */

/* Begin PBXGroup section */
		20E71F5F2A9633EE00D1A65A = {
			isa = PBXGroup;
			children = (
				20E71F6A2A9633EE00D1A65A /* DesinCode */,
				20E71F7C2A9633EF00D1A65A /* DesinCodeTests */,
				20E71F862A9633EF00D1A65A /* DesinCodeUITests */,
				20E71F692A9633EE00D1A65A /* Products */,
			);
			sourceTree = "<group>";
		};
		20E71F692A9633EE00D1A65A /* Products */ = {
			isa = PBXGroup;
			children = (
				20E71F682A9633EE00D1A65A /* DesinCode.app */,
				20E71F792A9633EF00D1A65A /* DesinCodeTests.xctest */,
				20E71F832A9633EF00D1A65A /* DesinCodeUITests.xctest */,
			);
			name = Products;
			sourceTree = "<group>";
		};
		20E71F6A2A9633EE00D1A65A /* DesinCode */ = {
			isa = PBXGroup;
			children = (
				20E71F6B2A9633EE00D1A65A /* DesinCodeApp.swift */,
				20E71F6D2A9633EE00D1A65A /* ContentView.swift */,
				20E71F6F2A9633EF00D1A65A /* Assets.xcassets */,
				20E71F712A9633EF00D1A65A /* DesinCode.entitlements */,
				20E71F722A9633EF00D1A65A /* Preview Content */,
			);
			path = DesinCode;
			sourceTree = "<group>";
		};
		20E71F722A9633EF00D1A65A /* Preview Content */ = {
			isa = PBXGroup;
			children = (
				20E71F732A9633EF00D1A65A /* Preview Assets.xcassets */,
			);
			path = "Preview Content";
			sourceTree = "<group>";
		};
		20E71F7C2A9633EF00D1A65A /* DesinCodeTests */ = {
			isa = PBXGroup;
			children = (
				20E71F7D2A9633EF00D1A65A /* DesinCodeTests.swift */,
			);
			path = DesinCodeTests;
			sourceTree = "<group>";
		};
		20E71F862A9633EF00D1A65A /* DesinCodeUITests */ = {
			isa = PBXGroup;
			children = (
				20E71F872A9633EF00D1A65A /* DesinCodeUITests.swift */,
				20E71F892A9633EF00D1A65A /* DesinCodeUITestsLaunchTests.swift */,
			);
			path = DesinCodeUITests;
			sourceTree = "<group>";
		};
/* End PBXGroup section */

/* Begin PBXNativeTarget section */
		20E71F672A9633EE00D1A65A /* DesinCode */ = {
			isa = PBXNativeTarget;
			buildConfigurationList = 20E71F8D2A9633EF00D1A65A /* Build configuration list for PBXNativeTarget "DesinCode" */;
			buildPhases = (
				20E71F642A9633EE00D1A65A /* Sources */,
				20E71F652A9633EE00D1A65A /* Frameworks */,
				20E71F662A9633EE00D1A65A /* Resources */,
			);
			buildRules = (
			);
			dependencies = (
			);
			name = DesinCode;
			productName = DesinCode;
			productReference = 20E71F682A9633EE00D1A65A /* DesinCode.app */;
			productType = "com.apple.product-type.application";
		};
		20E71F782A9633EF00D1A65A /* DesinCodeTests */ = {
			isa = PBXNativeTarget;
			buildConfigurationList = 20E71F902A9633EF00D1A65A /* Build configuration list for PBXNativeTarget "DesinCodeTests" */;
			buildPhases = (
				20E71F752A9633EF00D1A65A /* Sources */,
				20E71F762A9633EF00D1A65A /* Frameworks */,
				20E71F772A9633EF00D1A65A /* Resources */,
			);
			buildRules = (
			);
			dependencies = (
				20E71F7B2A9633EF00D1A65A /* PBXTargetDependency */,
			);
			name = DesinCodeTests;
			productName = DesinCodeTests;
			productReference = 20E71F792A9633EF00D1A65A /* DesinCodeTests.xctest */;
			productType = "com.apple.product-type.bundle.unit-test";
		};
		20E71F822A9633EF00D1A65A /* DesinCodeUITests */ = {
			isa = PBXNativeTarget;
			buildConfigurationList = 20E71F932A9633EF00D1A65A /* Build configuration list for PBXNativeTarget "DesinCodeUITests" */;
			buildPhases = (
				20E71F7F2A9633EF00D1A65A /* Sources */,
				20E71F802A9633EF00D1A65A /* Frameworks */,
				20E71F812A9633EF00D1A65A /* Resources */,
			);
			buildRules = (
			);
			dependencies = (
				20E71F852A9633EF00D1A65A /* PBXTargetDependency */,
			);
			name = DesinCodeUITests;
			productName = DesinCodeUITests;
			productReference = 20E71F832A9633EF00D1A65A /* DesinCodeUITests.xctest */;
			productType = "com.apple.product-type.bundle.ui-testing";
		};
/* End PBXNativeTarget section */

/* Begin PBXProject section */
		20E71F602A9633EE00D1A65A /* Project object */ = {
			isa = PBXProject;
			attributes = {
				BuildIndependentTargetsInParallel = 1;
				LastSwiftUpdateCheck = 1430;
				LastUpgradeCheck = 1430;
				TargetAttributes = {
					20E71F672A9633EE00D1A65A = {
						CreatedOnToolsVersion = 14.3.1;
					};
					20E71F782A9633EF00D1A65A = {
						CreatedOnToolsVersion = 14.3.1;
						TestTargetID = 20E71F672A9633EE00D1A65A;
					};
					20E71F822A9633EF00D1A65A = {
						CreatedOnToolsVersion = 14.3.1;
						TestTargetID = 20E71F672A9633EE00D1A65A;
					};
				};
			};
			buildConfigurationList = 20E71F632A9633EE00D1A65A /* Build configuration list for PBXProject "DesinCode" */;
			compatibilityVersion = "Xcode 14.0";
			developmentRegion = en;
			hasScannedForEncodings = 0;
			knownRegions = (
				en,
				Base,
			);
			mainGroup = 20E71F5F2A9633EE00D1A65A;
			productRefGroup = 20E71F692A9633EE00D1A65A /* Products */;
			projectDirPath = "";
			projectRoot = "";
			targets = (
				20E71F672A9633EE00D1A65A /* DesinCode */,
				20E71F782A9633EF00D1A65A /* DesinCodeTests */,
				20E71F822A9633EF00D1A65A /* DesinCodeUITests */,
			);
		};
/* End PBXProject section */

/* Begin PBXResourcesBuildPhase section */
		20E71F662A9633EE00D1A65A /* Resources */ = {
			isa = PBXResourcesBuildPhase;
			buildActionMask = 2147483647;
			files = (
				20E71F742A9633EF00D1A65A /* Preview Assets.xcassets in Resources */,
				20E71F702A9633EF00D1A65A /* Assets.xcassets in Resources */,
			);
			runOnlyForDeploymentPostprocessing = 0;
		};
		20E71F772A9633EF00D1A65A /* Resources */ = {
			isa = PBXResourcesBuildPhase;
			buildActionMask = 2147483647;
			files = (
			);
			runOnlyForDeploymentPostprocessing = 0;
		};
		20E71F812A9633EF00D1A65A /* Resources */ = {
			isa = PBXResourcesBuildPhase;
			buildActionMask = 2147483647;
			files = (
			);
			runOnlyForDeploymentPostprocessing = 0;
		};
/* End PBXResourcesBuildPhase section */

/* Begin PBXSourcesBuildPhase section */
		20E71F642A9633EE00D1A65A /* Sources */ = {
			isa = PBXSourcesBuildPhase;
			buildActionMask = 2147483647;
			files = (
				20E71F6E2A9633EE00D1A65A /* ContentView.swift in Sources */,
				20E71F6C2A9633EE00D1A65A /* DesinCodeApp.swift in Sources */,
			);
			runOnlyForDeploymentPostprocessing = 0;
		};
		20E71F752A9633EF00D1A65A /* Sources */ = {
			isa = PBXSourcesBuildPhase;
			buildActionMask = 2147483647;
			files = (
				20E71F7E2A9633EF00D1A65A /* DesinCodeTests.swift in Sources */,
			);
			runOnlyForDeploymentPostprocessing = 0;
		};
		20E71F7F2A9633EF00D1A65A /* Sources */ = {
			isa = PBXSourcesBuildPhase;
			buildActionMask = 2147483647;
			files = (
				20E71F882A9633EF00D1A65A /* DesinCodeUITests.swift in Sources */,
				20E71F8A2A9633EF00D1A65A /* DesinCodeUITestsLaunchTests.swift in Sources */,
			);
			runOnlyForDeploymentPostprocessing = 0;
		};
/* End PBXSourcesBuildPhase section */

/* Begin PBXTargetDependency section */
		20E71F7B2A9633EF00D1A65A /* PBXTargetDependency */ = {
			isa = PBXTargetDependency;
			target = 20E71F672A9633EE00D1A65A /* DesinCode */;
			targetProxy = 20E71F7A2A9633EF00D1A65A /* PBXContainerItemProxy */;
		};
		20E71F852A9633EF00D1A65A /* PBXTargetDependency */ = {
			isa = PBXTargetDependency;
			target = 20E71F672A9633EE00D1A65A /* DesinCode */;
			targetProxy = 20E71F842A9633EF00D1A65A /* PBXContainerItemProxy */;
		};
/* End PBXTargetDependency section */

/* Begin XCBuildConfiguration section */
		20E71F8B2A9633EF00D1A65A /* Debug */ = {
			isa = XCBuildConfiguration;
			buildSettings = {
				ALWAYS_SEARCH_USER_PATHS = NO;
				CLANG_ANALYZER_NONNULL = YES;
				CLANG_ANALYZER_NUMBER_OBJECT_CONVERSION = YES_AGGRESSIVE;
				CLANG_CXX_LANGUAGE_STANDARD = "gnu++20";
				CLANG_ENABLE_MODULES = YES;
				CLANG_ENABLE_OBJC_ARC = YES;
				CLANG_ENABLE_OBJC_WEAK = YES;
				CLANG_WARN_BLOCK_CAPTURE_AUTORELEASING = YES;
				CLANG_WARN_BOOL_CONVERSION = YES;
				CLANG_WARN_COMMA = YES;
				CLANG_WARN_CONSTANT_CONVERSION = YES;
				CLANG_WARN_DEPRECATED_OBJC_IMPLEMENTATIONS = YES;
				CLANG_WARN_DIRECT_OBJC_ISA_USAGE = YES_ERROR;
				CLANG_WARN_DOCUMENTATION_COMMENTS = YES;
				CLANG_WARN_EMPTY_BODY = YES;
				CLANG_WARN_ENUM_CONVERSION = YES;
				CLANG_WARN_INFINITE_RECURSION = YES;
				CLANG_WARN_INT_CONVERSION = YES;
				CLANG_WARN_NON_LITERAL_NULL_CONVERSION = YES;
				CLANG_WARN_OBJC_IMPLICIT_RETAIN_SELF = YES;
				CLANG_WARN_OBJC_LITERAL_CONVERSION = YES;
				CLANG_WARN_OBJC_ROOT_CLASS = YES_ERROR;
				CLANG_WARN_QUOTED_INCLUDE_IN_FRAMEWORK_HEADER = YES;
				CLANG_WARN_RANGE_LOOP_ANALYSIS = YES;
				CLANG_WARN_STRICT_PROTOTYPES = YES;
				CLANG_WARN_SUSPICIOUS_MOVE = YES;
				CLANG_WARN_UNGUARDED_AVAILABILITY = YES_AGGRESSIVE;
				CLANG_WARN_UNREACHABLE_CODE = YES;
				CLANG_WARN__DUPLICATE_METHOD_MATCH = YES;
				COPY_PHASE_STRIP = NO;
				DEBUG_INFORMATION_FORMAT = dwarf;
				ENABLE_STRICT_OBJC_MSGSEND = YES;
				ENABLE_TESTABILITY = YES;
				GCC_C_LANGUAGE_STANDARD = gnu11;
				GCC_DYNAMIC_NO_PIC = NO;
				GCC_NO_COMMON_BLOCKS = YES;
				GCC_OPTIMIZATION_LEVEL = 0;
				GCC_PREPROCESSOR_DEFINITIONS = (
					"DEBUG=1",
					"$(inherited)",
				);
				GCC_WARN_64_TO_32_BIT_CONVERSION = YES;
				GCC_WARN_ABOUT_RETURN_TYPE = YES_ERROR;
				GCC_WARN_UNDECLARED_SELECTOR = YES;
				GCC_WARN_UNINITIALIZED_AUTOS = YES_AGGRESSIVE;
				GCC_WARN_UNUSED_FUNCTION = YES;
				GCC_WARN_UNUSED_VARIABLE = YES;
				MTL_ENABLE_DEBUG_INFO = INCLUDE_SOURCE;
				MTL_FAST_MATH = YES;
				ONLY_ACTIVE_ARCH = YES;
				SWIFT_ACTIVE_COMPILATION_CONDITIONS = DEBUG;
				SWIFT_OPTIMIZATION_LEVEL = "-Onone";
			};
			name = Debug;
		};
		20E71F8C2A9633EF00D1A65A /* Release */ = {
			isa = XCBuildConfiguration;
			buildSettings = {
				ALWAYS_SEARCH_USER_PATHS = NO;
				CLANG_ANALYZER_NONNULL = YES;
				CLANG_ANALYZER_NUMBER_OBJECT_CONVERSION = YES_AGGRESSIVE;
				CLANG_CXX_LANGUAGE_STANDARD = "gnu++20";
				CLANG_ENABLE_MODULES = YES;
				CLANG_ENABLE_OBJC_ARC = YES;
				CLANG_ENABLE_OBJC_WEAK = YES;
				CLANG_WARN_BLOCK_CAPTURE_AUTORELEASING = YES;
				CLANG_WARN_BOOL_CONVERSION = YES;
				CLANG_WARN_COMMA = YES;
				CLANG_WARN_CONSTANT_CONVERSION = YES;
				CLANG_WARN_DEPRECATED_OBJC_IMPLEMENTATIONS = YES;
				CLANG_WARN_DIRECT_OBJC_ISA_USAGE = YES_ERROR;
				CLANG_WARN_DOCUMENTATION_COMMENTS = YES;
				CLANG_WARN_EMPTY_BODY = YES;
				CLANG_WARN_ENUM_CONVERSION = YES;
				CLANG_WARN_INFINITE_RECURSION = YES;
				CLANG_WARN_INT_CONVERSION = YES;
				CLANG_WARN_NON_LITERAL_NULL_CONVERSION = YES;
				CLANG_WARN_OBJC_IMPLICIT_RETAIN_SELF = YES;
				CLANG_WARN_OBJC_LITERAL_CONVERSION = YES;
				CLANG_WARN_OBJC_ROOT_CLASS = YES_ERROR;
				CLANG_WARN_QUOTED_INCLUDE_IN_FRAMEWORK_HEADER = YES;
				CLANG_WARN_RANGE_LOOP_ANALYSIS = YES;
				CLANG_WARN_STRICT_PROTOTYPES = YES;
				CLANG_WARN_SUSPICIOUS_MOVE = YES;
				CLANG_WARN_UNGUARDED_AVAILABILITY = YES_AGGRESSIVE;
				CLANG_WARN_UNREACHABLE_CODE = YES;
				CLANG_WARN__DUPLICATE_METHOD_MATCH = YES;
				COPY_PHASE_STRIP = NO;
				DEBUG_INFORMATION_FORMAT = "dwarf-with-dsym";
				ENABLE_NS_ASSERTIONS = NO;
				ENABLE_STRICT_OBJC_MSGSEND = YES;
				GCC_C_LANGUAGE_STANDARD = gnu11;
				GCC_NO_COMMON_BLOCKS = YES;
				GCC_WARN_64_TO_32_BIT_CONVERSION = YES;
				GCC_WARN_ABOUT_RETURN_TYPE = YES_ERROR;
				GCC_WARN_UNDECLARED_SELECTOR = YES;
				GCC_WARN_UNINITIALIZED_AUTOS = YES_AGGRESSIVE;
				GCC_WARN_UNUSED_FUNCTION = YES;
				GCC_WARN_UNUSED_VARIABLE = YES;
				MTL_ENABLE_DEBUG_INFO = NO;
				MTL_FAST_MATH = YES;
				SWIFT_COMPILATION_MODE = wholemodule;
				SWIFT_OPTIMIZATION_LEVEL = "-O";
			};
			name = Release;
		};
		20E71F8E2A9633EF00D1A65A /* Debug */ = {
			isa = XCBuildConfiguration;
			buildSettings = {
				ASSETCATALOG_COMPILER_APPICON_NAME = AppIcon;
				ASSETCATALOG_COMPILER_GLOBAL_ACCENT_COLOR_NAME = AccentColor;
				CODE_SIGN_ENTITLEMENTS = DesinCode/DesinCode.entitlements;
				CODE_SIGN_STYLE = Automatic;
				CURRENT_PROJECT_VERSION = 1;
				DEVELOPMENT_ASSET_PATHS = "\"DesinCode/Preview Content\"";
				DEVELOPMENT_TEAM = KU4N3DJH3U;
				ENABLE_HARDENED_RUNTIME = YES;
				ENABLE_PREVIEWS = YES;
				GENERATE_INFOPLIST_FILE = YES;
				"INFOPLIST_KEY_UIApplicationSceneManifest_Generation[sdk=iphoneos*]" = YES;
				"INFOPLIST_KEY_UIApplicationSceneManifest_Generation[sdk=iphonesimulator*]" = YES;
				"INFOPLIST_KEY_UIApplicationSupportsIndirectInputEvents[sdk=iphoneos*]" = YES;
				"INFOPLIST_KEY_UIApplicationSupportsIndirectInputEvents[sdk=iphonesimulator*]" = YES;
				"INFOPLIST_KEY_UILaunchScreen_Generation[sdk=iphoneos*]" = YES;
				"INFOPLIST_KEY_UILaunchScreen_Generation[sdk=iphonesimulator*]" = YES;
				"INFOPLIST_KEY_UIStatusBarStyle[sdk=iphoneos*]" = UIStatusBarStyleDefault;
				"INFOPLIST_KEY_UIStatusBarStyle[sdk=iphonesimulator*]" = UIStatusBarStyleDefault;
				INFOPLIST_KEY_UISupportedInterfaceOrientations_iPad = "UIInterfaceOrientationPortrait UIInterfaceOrientationPortraitUpsideDown UIInterfaceOrientationLandscapeLeft UIInterfaceOrientationLandscapeRight";
				INFOPLIST_KEY_UISupportedInterfaceOrientations_iPhone = "UIInterfaceOrientationPortrait UIInterfaceOrientationLandscapeLeft UIInterfaceOrientationLandscapeRight";
				IPHONEOS_DEPLOYMENT_TARGET = 16.4;
				LD_RUNPATH_SEARCH_PATHS = "@executable_path/Frameworks";
				"LD_RUNPATH_SEARCH_PATHS[sdk=macosx*]" = "@executable_path/../Frameworks";
				MACOSX_DEPLOYMENT_TARGET = 13.3;
				MARKETING_VERSION = 1.0;
				PRODUCT_BUNDLE_IDENTIFIER = com.gcl.DesinCode;
				PRODUCT_NAME = "$(TARGET_NAME)";
				SDKROOT = auto;
				SUPPORTED_PLATFORMS = "iphoneos iphonesimulator macosx";
				SWIFT_EMIT_LOC_STRINGS = YES;
				SWIFT_VERSION = 5.0;
				TARGETED_DEVICE_FAMILY = "1,2";
			};
			name = Debug;
		};
		20E71F8F2A9633EF00D1A65A /* Release */ = {
			isa = XCBuildConfiguration;
			buildSettings = {
				ASSETCATALOG_COMPILER_APPICON_NAME = AppIcon;
				ASSETCATALOG_COMPILER_GLOBAL_ACCENT_COLOR_NAME = AccentColor;
				CODE_SIGN_ENTITLEMENTS = DesinCode/DesinCode.entitlements;
				CODE_SIGN_STYLE = Automatic;
				CURRENT_PROJECT_VERSION = 1;
				DEVELOPMENT_ASSET_PATHS = "\"DesinCode/Preview Content\"";
				DEVELOPMENT_TEAM = KU4N3DJH3U;
				ENABLE_HARDENED_RUNTIME = YES;
				ENABLE_PREVIEWS = YES;
				GENERATE_INFOPLIST_FILE = YES;
				"INFOPLIST_KEY_UIApplicationSceneManifest_Generation[sdk=iphoneos*]" = YES;
				"INFOPLIST_KEY_UIApplicationSceneManifest_Generation[sdk=iphonesimulator*]" = YES;
				"INFOPLIST_KEY_UIApplicationSupportsIndirectInputEvents[sdk=iphoneos*]" = YES;
				"INFOPLIST_KEY_UIApplicationSupportsIndirectInputEvents[sdk=iphonesimulator*]" = YES;
				"INFOPLIST_KEY_UILaunchScreen_Generation[sdk=iphoneos*]" = YES;
				"INFOPLIST_KEY_UILaunchScreen_Generation[sdk=iphonesimulator*]" = YES;
				"INFOPLIST_KEY_UIStatusBarStyle[sdk=iphoneos*]" = UIStatusBarStyleDefault;
				"INFOPLIST_KEY_UIStatusBarStyle[sdk=iphonesimulator*]" = UIStatusBarStyleDefault;
				INFOPLIST_KEY_UISupportedInterfaceOrientations_iPad = "UIInterfaceOrientationPortrait UIInterfaceOrientationPortraitUpsideDown UIInterfaceOrientationLandscapeLeft UIInterfaceOrientationLandscapeRight";
				INFOPLIST_KEY_UISupportedInterfaceOrientations_iPhone = "UIInterfaceOrientationPortrait UIInterfaceOrientationLandscapeLeft UIInterfaceOrientationLandscapeRight";
				IPHONEOS_DEPLOYMENT_TARGET = 16.4;
				LD_RUNPATH_SEARCH_PATHS = "@executable_path/Frameworks";
				"LD_RUNPATH_SEARCH_PATHS[sdk=macosx*]" = "@executable_path/../Frameworks";
				MACOSX_DEPLOYMENT_TARGET = 13.3;
				MARKETING_VERSION = 1.0;
				PRODUCT_BUNDLE_IDENTIFIER = com.gcl.DesinCode;
				PRODUCT_NAME = "$(TARGET_NAME)";
				SDKROOT = auto;
				SUPPORTED_PLATFORMS = "iphoneos iphonesimulator macosx";
				SWIFT_EMIT_LOC_STRINGS = YES;
				SWIFT_VERSION = 5.0;
				TARGETED_DEVICE_FAMILY = "1,2";
			};
			name = Release;
		};
		20E71F912A9633EF00D1A65A /* Debug */ = {
			isa = XCBuildConfiguration;
			buildSettings = {
				ALWAYS_EMBED_SWIFT_STANDARD_LIBRARIES = YES;
				BUNDLE_LOADER = "$(TEST_HOST)";
				CODE_SIGN_STYLE = Automatic;
				CURRENT_PROJECT_VERSION = 1;
				DEVELOPMENT_TEAM = KU4N3DJH3U;
				GENERATE_INFOPLIST_FILE = YES;
				IPHONEOS_DEPLOYMENT_TARGET = 16.4;
				MACOSX_DEPLOYMENT_TARGET = 13.3;
				MARKETING_VERSION = 1.0;
				PRODUCT_BUNDLE_IDENTIFIER = com.gcl.DesinCodeTests;
				PRODUCT_NAME = "$(TARGET_NAME)";
				SDKROOT = auto;
				SUPPORTED_PLATFORMS = "iphoneos iphonesimulator macosx";
				SWIFT_EMIT_LOC_STRINGS = NO;
				SWIFT_VERSION = 5.0;
				TARGETED_DEVICE_FAMILY = "1,2";
				TEST_HOST = "$(BUILT_PRODUCTS_DIR)/DesinCode.app/$(BUNDLE_EXECUTABLE_FOLDER_PATH)/DesinCode";
			};
			name = Debug;
		};
		20E71F922A9633EF00D1A65A /* Release */ = {
			isa = XCBuildConfiguration;
			buildSettings = {
				ALWAYS_EMBED_SWIFT_STANDARD_LIBRARIES = YES;
				BUNDLE_LOADER = "$(TEST_HOST)";
				CODE_SIGN_STYLE = Automatic;
				CURRENT_PROJECT_VERSION = 1;
				DEVELOPMENT_TEAM = KU4N3DJH3U;
				GENERATE_INFOPLIST_FILE = YES;
				IPHONEOS_DEPLOYMENT_TARGET = 16.4;
				MACOSX_DEPLOYMENT_TARGET = 13.3;
				MARKETING_VERSION = 1.0;
				PRODUCT_BUNDLE_IDENTIFIER = com.gcl.DesinCodeTests;
				PRODUCT_NAME = "$(TARGET_NAME)";
				SDKROOT = auto;
				SUPPORTED_PLATFORMS = "iphoneos iphonesimulator macosx";
				SWIFT_EMIT_LOC_STRINGS = NO;
				SWIFT_VERSION = 5.0;
				TARGETED_DEVICE_FAMILY = "1,2";
				TEST_HOST = "$(BUILT_PRODUCTS_DIR)/DesinCode.app/$(BUNDLE_EXECUTABLE_FOLDER_PATH)/DesinCode";
			};
			name = Release;
		};
		20E71F942A9633EF00D1A65A /* Debug */ = {
			isa = XCBuildConfiguration;
			buildSettings = {
				ALWAYS_EMBED_SWIFT_STANDARD_LIBRARIES = YES;
				CODE_SIGN_STYLE = Automatic;
				CURRENT_PROJECT_VERSION = 1;
				DEVELOPMENT_TEAM = KU4N3DJH3U;
				GENERATE_INFOPLIST_FILE = YES;
				IPHONEOS_DEPLOYMENT_TARGET = 16.4;
				MACOSX_DEPLOYMENT_TARGET = 13.3;
				MARKETING_VERSION = 1.0;
				PRODUCT_BUNDLE_IDENTIFIER = com.gcl.DesinCodeUITests;
				PRODUCT_NAME = "$(TARGET_NAME)";
				SDKROOT = auto;
				SUPPORTED_PLATFORMS = "iphoneos iphonesimulator macosx";
				SWIFT_EMIT_LOC_STRINGS = NO;
				SWIFT_VERSION = 5.0;
				TARGETED_DEVICE_FAMILY = "1,2";
				TEST_TARGET_NAME = DesinCode;
			};
			name = Debug;
		};
		20E71F952A9633EF00D1A65A /* Release */ = {
			isa = XCBuildConfiguration;
			buildSettings = {
				ALWAYS_EMBED_SWIFT_STANDARD_LIBRARIES = YES;
				CODE_SIGN_STYLE = Automatic;
				CURRENT_PROJECT_VERSION = 1;
				DEVELOPMENT_TEAM = KU4N3DJH3U;
				GENERATE_INFOPLIST_FILE = YES;
				IPHONEOS_DEPLOYMENT_TARGET = 16.4;
				MACOSX_DEPLOYMENT_TARGET = 13.3;
				MARKETING_VERSION = 1.0;
				PRODUCT_BUNDLE_IDENTIFIER = com.gcl.DesinCodeUITests;
				PRODUCT_NAME = "$(TARGET_NAME)";
				SDKROOT = auto;
				SUPPORTED_PLATFORMS = "iphoneos iphonesimulator macosx";
				SWIFT_EMIT_LOC_STRINGS = NO;
				SWIFT_VERSION = 5.0;
				TARGETED_DEVICE_FAMILY = "1,2";
				TEST_TARGET_NAME = DesinCode;
			};
			name = Release;
		};
/* End XCBuildConfiguration section */

/* Begin XCConfigurationList section */
		20E71F632A9633EE00D1A65A /* Build configuration list for PBXProject "DesinCode" */ = {
			isa = XCConfigurationList;
			buildConfigurations = (
				20E71F8B2A9633EF00D1A65A /* Debug */,
				20E71F8C2A9633EF00D1A65A /* Release */,
			);
			defaultConfigurationIsVisible = 0;
			defaultConfigurationName = Release;
		};
		20E71F8D2A9633EF00D1A65A /* Build configuration list for PBXNativeTarget "DesinCode" */ = {
			isa = XCConfigurationList;
			buildConfigurations = (
				20E71F8E2A9633EF00D1A65A /* Debug */,
				20E71F8F2A9633EF00D1A65A /* Release */,
			);
			defaultConfigurationIsVisible = 0;
			defaultConfigurationName = Release;
		};
		20E71F902A9633EF00D1A65A /* Build configuration list for PBXNativeTarget "DesinCodeTests" */ = {
			isa = XCConfigurationList;
			buildConfigurations = (
				20E71F912A9633EF00D1A65A /* Debug */,
				20E71F922A9633EF00D1A65A /* Release */,
			);
			defaultConfigurationIsVisible = 0;
			defaultConfigurationName = Release;
		};
		20E71F932A9633EF00D1A65A /* Build configuration list for PBXNativeTarget "DesinCodeUITests" */ = {
			isa = XCConfigurationList;
			buildConfigurations = (
				20E71F942A9633EF00D1A65A /* Debug */,
				20E71F952A9633EF00D1A65A /* Release */,
			);
			defaultConfigurationIsVisible = 0;
			defaultConfigurationName = Release;
		};
/* End XCConfigurationList section */
	};
	rootObject = 20E71F602A9633EE00D1A65A /* Project object */;
}
